
Microsoft Visual Studio Solution File, Format Version 12.00
# Visual Studio Version 17
VisualStudioVersion = 17.0.31903.59
MinimumVisualStudioVersion = 10.0.40219.1
Project("{2150E333-8FDC-42A3-9474-1A3956D46DE8}") = "src", "src", "{827E0CD3-B72D-47B6-A68D-7590B98EB39B}"
EndProject
Project("{2150E333-8FDC-42A3-9474-1A3956D46DE8}") = "backend", "backend", "{FE360695-3F2B-1049-3887-35FBB5135923}"
EndProject
Project("{FAE04EC0-301F-11D3-BF4B-00C04F79EFBC}") = "Backend", "src\backend\Backend.csproj", "{31C05812-EB26-4421-9144-C0B2EC8AD086}"
EndProject
Project("{2150E333-8FDC-42A3-9474-1A3956D46DE8}") = "gateway", "gateway", "{6306A8FB-679E-111F-6585-8F70E0EE6013}"
EndProject
Project("{FAE04EC0-301F-11D3-BF4B-00C04F79EFBC}") = "Gateway", "src\gateway\Gateway.csproj", "{4C8650B9-5234-4EDE-92AB-B61756CE18BD}"
EndProject
Project("{2150E333-8FDC-42A3-9474-1A3956D46DE8}") = "client", "client", "{C5A3B5EA-BE9F-76E5-E9B8-8A22B289B295}"
EndProject
Project("{FAE04EC0-301F-11D3-BF4B-00C04F79EFBC}") = "Client", "src\client\Client.csproj", "{DC8CA641-8947-4728-921B-2FB2A64F2930}"
EndProject
Project("{2150E333-8FDC-42A3-9474-1A3956D46DE8}") = "shared", "shared", "{C8E42992-5E42-0C2B-DBFE-AA848D06431C}"
EndProject
Project("{2150E333-8FDC-42A3-9474-1A3956D46DE8}") = "contracts", "contracts", "{7DA348B5-9681-7436-A640-3B972169BAFB}"
EndProject
Project("{FAE04EC0-301F-11D3-BF4B-00C04F79EFBC}") = "Contracts", "src\shared\contracts\Contracts.csproj", "{0C7780BB-08D9-4B8B-ABE7-4BC013B50D71}"
EndProject
Global
	GlobalSection(SolutionConfigurationPlatforms) = preSolution
		Debug|Any CPU = Debug|Any CPU
		Debug|x64 = Debug|x64
		Debug|x86 = Debug|x86
		Release|Any CPU = Release|Any CPU
		Release|x64 = Release|x64
		Release|x86 = Release|x86
	EndGlobalSection
	GlobalSection(ProjectConfigurationPlatforms) = postSolution
		{31C05812-EB26-4421-9144-C0B2EC8AD086}.Debug|Any CPU.ActiveCfg = Debug|Any CPU
		{31C05812-EB26-4421-9144-C0B2EC8AD086}.Debug|Any CPU.Build.0 = Debug|Any CPU
		{31C05812-EB26-4421-9144-C0B2EC8AD086}.Debug|x64.ActiveCfg = Debug|Any CPU
		{31C05812-EB26-4421-9144-C0B2EC8AD086}.Debug|x64.Build.0 = Debug|Any CPU
		{31C05812-EB26-4421-9144-C0B2EC8AD086}.Debug|x86.ActiveCfg = Debug|Any CPU
		{31C05812-EB26-4421-9144-C0B2EC8AD086}.Debug|x86.Build.0 = Debug|Any CPU
		{31C05812-EB26-4421-9144-C0B2EC8AD086}.Release|Any CPU.ActiveCfg = Release|Any CPU
		{31C05812-EB26-4421-9144-C0B2EC8AD086}.Release|Any CPU.Build.0 = Release|Any CPU
		{31C05812-EB26-4421-9144-C0B2EC8AD086}.Release|x64.ActiveCfg = Release|Any CPU
		{31C05812-EB26-4421-9144-C0B2EC8AD086}.Release|x64.Build.0 = Release|Any CPU
		{31C05812-EB26-4421-9144-C0B2EC8AD086}.Release|x86.ActiveCfg = Release|Any CPU
		{31C05812-EB26-4421-9144-C0B2EC8AD086}.Release|x86.Build.0 = Release|Any CPU
		{4C8650B9-5234-4EDE-92AB-B61756CE18BD}.Debug|Any CPU.ActiveCfg = Debug|Any CPU
		{4C8650B9-5234-4EDE-92AB-B61756CE18BD}.Debug|Any CPU.Build.0 = Debug|Any CPU
		{4C8650B9-5234-4EDE-92AB-B61756CE18BD}.Debug|x64.ActiveCfg = Debug|Any CPU
		{4C8650B9-5234-4EDE-92AB-B61756CE18BD}.Debug|x64.Build.0 = Debug|Any CPU
		{4C8650B9-5234-4EDE-92AB-B61756CE18BD}.Debug|x86.ActiveCfg = Debug|Any CPU
		{4C8650B9-5234-4EDE-92AB-B61756CE18BD}.Debug|x86.Build.0 = Debug|Any CPU
		{4C8650B9-5234-4EDE-92AB-B61756CE18BD}.Release|Any CPU.ActiveCfg = Release|Any CPU
		{4C8650B9-5234-4EDE-92AB-B61756CE18BD}.Release|Any CPU.Build.0 = Release|Any CPU
		{4C8650B9-5234-4EDE-92AB-B61756CE18BD}.Release|x64.ActiveCfg = Release|Any CPU
		{4C8650B9-5234-4EDE-92AB-B61756CE18BD}.Release|x64.Build.0 = Release|Any CPU
		{4C8650B9-5234-4EDE-92AB-B61756CE18BD}.Release|x86.ActiveCfg = Release|Any CPU
		{4C8650B9-5234-4EDE-92AB-B61756CE18BD}.Release|x86.Build.0 = Release|Any CPU
		{DC8CA641-8947-4728-921B-2FB2A64F2930}.Debug|Any CPU.ActiveCfg = Debug|Any CPU
		{DC8CA641-8947-4728-921B-2FB2A64F2930}.Debug|Any CPU.Build.0 = Debug|Any CPU
		{DC8CA641-8947-4728-921B-2FB2A64F2930}.Debug|x64.ActiveCfg = Debug|Any CPU
		{DC8CA641-8947-4728-921B-2FB2A64F2930}.Debug|x64.Build.0 = Debug|Any CPU
		{DC8CA641-8947-4728-921B-2FB2A64F2930}.Debug|x86.ActiveCfg = Debug|Any CPU
		{DC8CA641-8947-4728-921B-2FB2A64F2930}.Debug|x86.Build.0 = Debug|Any CPU
		{DC8CA641-8947-4728-921B-2FB2A64F2930}.Release|Any CPU.ActiveCfg = Release|Any CPU
		{DC8CA641-8947-4728-921B-2FB2A64F2930}.Release|Any CPU.Build.0 = Release|Any CPU
		{DC8CA641-8947-4728-921B-2FB2A64F2930}.Release|x64.ActiveCfg = Release|Any CPU
		{DC8CA641-8947-4728-921B-2FB2A64F2930}.Release|x64.Build.0 = Release|Any CPU
		{DC8CA641-8947-4728-921B-2FB2A64F2930}.Release|x86.ActiveCfg = Release|Any CPU
		{DC8CA641-8947-4728-921B-2FB2A64F2930}.Release|x86.Build.0 = Release|Any CPU
		{0C7780BB-08D9-4B8B-ABE7-4BC013B50D71}.Debug|Any CPU.ActiveCfg = Debug|Any CPU
		{0C7780BB-08D9-4B8B-ABE7-4BC013B50D71}.Debug|Any CPU.Build.0 = Debug|Any CPU
		{0C7780BB-08D9-4B8B-ABE7-4BC013B50D71}.Debug|x64.ActiveCfg = Debug|Any CPU
		{0C7780BB-08D9-4B8B-ABE7-4BC013B50D71}.Debug|x64.Build.0 = Debug|Any CPU
		{0C7780BB-08D9-4B8B-ABE7-4BC013B50D71}.Debug|x86.ActiveCfg = Debug|Any CPU
		{0C7780BB-08D9-4B8B-ABE7-4BC013B50D71}.Debug|x86.Build.0 = Debug|Any CPU
		{0C7780BB-08D9-4B8B-ABE7-4BC013B50D71}.Release|Any CPU.ActiveCfg = Release|Any CPU
		{0C7780BB-08D9-4B8B-ABE7-4BC013B50D71}.Release|Any CPU.Build.0 = Release|Any CPU
		{0C7780BB-08D9-4B8B-ABE7-4BC013B50D71}.Release|x64.ActiveCfg = Release|Any CPU
		{0C7780BB-08D9-4B8B-ABE7-4BC013B50D71}.Release|x64.Build.0 = Release|Any CPU
		{0C7780BB-08D9-4B8B-ABE7-4BC013B50D71}.Release|x86.ActiveCfg = Release|Any CPU
		{0C7780BB-08D9-4B8B-ABE7-4BC013B50D71}.Release|x86.Build.0 = Release|Any CPU
	EndGlobalSection
	GlobalSection(SolutionProperties) = preSolution
		HideSolutionNode = FALSE
	EndGlobalSection
	GlobalSection(NestedProjects) = preSolution
		{FE360695-3F2B-1049-3887-35FBB5135923} = {827E0CD3-B72D-47B6-A68D-7590B98EB39B}
		{31C05812-EB26-4421-9144-C0B2EC8AD086} = {FE360695-3F2B-1049-3887-35FBB5135923}
		{6306A8FB-679E-111F-6585-8F70E0EE6013} = {827E0CD3-B72D-47B6-A68D-7590B98EB39B}
		{4C8650B9-5234-4EDE-92AB-B61756CE18BD} = {6306A8FB-679E-111F-6585-8F70E0EE6013}
		{C5A3B5EA-BE9F-76E5-E9B8-8A22B289B295} = {827E0CD3-B72D-47B6-A68D-7590B98EB39B}
		{DC8CA641-8947-4728-921B-2FB2A64F2930} = {C5A3B5EA-BE9F-76E5-E9B8-8A22B289B295}
		{C8E42992-5E42-0C2B-DBFE-AA848D06431C} = {827E0CD3-B72D-47B6-A68D-7590B98EB39B}
		{7DA348B5-9681-7436-A640-3B972169BAFB} = {C8E42992-5E42-0C2B-DBFE-AA848D06431C}
		{0C7780BB-08D9-4B8B-ABE7-4BC013B50D71} = {7DA348B5-9681-7436-A640-3B972169BAFB}
	EndGlobalSection
EndGlobal
